
Microsoft Visual Studio Solution File, Format Version 12.00
# Visual Studio Version 16
VisualStudioVersion = 16.0.30804.86
MinimumVisualStudioVersion = 10.0.40219.1
Project("{9A19103F-16F7-4668-BE54-9A1E7A4F7556}") = "CrossPlatformDesktop.WPF", "CrossPlatformDesktop.WPF\CrossPlatformDesktop.WPF.csproj", "{0440B348-A499-45D2-A003-9A2E58A2985C}"
EndProject
Project("{9A19103F-16F7-4668-BE54-9A1E7A4F7556}") = "FormsGallery", "FormsGallery\FormsGallery.csproj", "{AD0F5978-D79F-43A4-AC5C-F92A7C7EC3C2}"
EndProject
Global
	GlobalSection(SolutionConfigurationPlatforms) = preSolution
		Debug|Any CPU = Debug|Any CPU
		Release|Any CPU = Release|Any CPU
	EndGlobalSection
	GlobalSection(ProjectConfigurationPlatforms) = postSolution
		{0440B348-A499-45D2-A003-9A2E58A2985C}.Debug|Any CPU.ActiveCfg = Debug|Any CPU
		{0440B348-A499-45D2-A003-9A2E58A2985C}.Debug|Any CPU.Build.0 = Debug|Any CPU
		{0440B348-A499-45D2-A003-9A2E58A2985C}.Release|Any CPU.ActiveCfg = Release|Any CPU
		{0440B348-A499-45D2-A003-9A2E58A2985C}.Release|Any CPU.Build.0 = Release|Any CPU
		{AD0F5978-D79F-43A4-AC5C-F92A7C7EC3C2}.Debug|Any CPU.ActiveCfg = Debug|Any CPU
		{AD0F5978-D79F-43A4-AC5C-F92A7C7EC3C2}.Debug|Any CPU.Build.0 = Debug|Any CPU
		{AD0F5978-D79F-43A4-AC5C-F92A7C7EC3C2}.Release|Any CPU.ActiveCfg = Release|Any CPU
		{AD0F5978-D79F-43A4-AC5C-F92A7C7EC3C2}.Release|Any CPU.Build.0 = Release|Any CPU
	EndGlobalSection
	GlobalSection(SolutionProperties) = preSolution
		HideSolutionNode = FALSE
	EndGlobalSection
	GlobalSection(ExtensibilityGlobals) = postSolution
		SolutionGuid = {F64EB011-ADD3-44F8-AFE1-0E6B3F2178C2}
	EndGlobalSection
EndGlobal
